
Microsoft Visual Studio Solution File, Format Version 12.00
# Visual Studio Version 17
VisualStudioVersion = 17.8.34316.72
MinimumVisualStudioVersion = 10.0.40219.1
Project("{FAE04EC0-301F-11D3-BF4B-00C04F79EFBC}") = "StatisticsCalculator", "StatisticsCalculator\StatisticsCalculator.csproj", "{E7B4632B-B075-4B1E-8D48-D548E119390C}"
EndProject
Project("{FAE04EC0-301F-11D3-BF4B-00C04F79EFBC}") = "StatisticsCalculator.Tests", "StatisticsCalculator.Tests\StatisticsCalculator.Tests.csproj", "{BA1ECCE7-8753-412D-BD78-7068BC8A839C}"
EndProject
Global
	GlobalSection(SolutionConfigurationPlatforms) = preSolution
		Debug|Any CPU = Debug|Any CPU
		Release|Any CPU = Release|Any CPU
	EndGlobalSection
	GlobalSection(ProjectConfigurationPlatforms) = postSolution
		{E7B4632B-B075-4B1E-8D48-D548E119390C}.Debug|Any CPU.ActiveCfg = Debug|Any CPU
		{E7B4632B-B075-4B1E-8D48-D548E119390C}.Debug|Any CPU.Build.0 = Debug|Any CPU
		{E7B4632B-B075-4B1E-8D48-D548E119390C}.Release|Any CPU.ActiveCfg = Release|Any CPU
		{E7B4632B-B075-4B1E-8D48-D548E119390C}.Release|Any CPU.Build.0 = Release|Any CPU
		{BA1ECCE7-8753-412D-BD78-7068BC8A839C}.Debug|Any CPU.ActiveCfg = Debug|Any CPU
		{BA1ECCE7-8753-412D-BD78-7068BC8A839C}.Debug|Any CPU.Build.0 = Debug|Any CPU
		{BA1ECCE7-8753-412D-BD78-7068BC8A839C}.Release|Any CPU.ActiveCfg = Release|Any CPU
		{BA1ECCE7-8753-412D-BD78-7068BC8A839C}.Release|Any CPU.Build.0 = Release|Any CPU
	EndGlobalSection
	GlobalSection(SolutionProperties) = preSolution
		HideSolutionNode = FALSE
	EndGlobalSection
	GlobalSection(ExtensibilityGlobals) = postSolution
		SolutionGuid = {F579E347-AB14-425D-AB5B-B5B777C6E0AF}
	EndGlobalSection
EndGlobal
